// !$*UTF8*$!
{
	archiveVersion = 1;
	classes = {
	};
	objectVersion = 48;
	objects = {

/* Begin PBXBuildFile section */
		7A837D492036982400FEB7E9 /* Category.plist in Resources */ = {isa = PBXBuildFile; fileRef = 7A837D482036982400FEB7E9 /* Category.plist */; };
		7A837D4D2036982D00FEB7E9 /* Food.plist in Resources */ = {isa = PBXBuildFile; fileRef = 7A837D4A2036982D00FEB7E9 /* Food.plist */; };
		7A837D4E2036982D00FEB7E9 /* Random.plist in Resources */ = {isa = PBXBuildFile; fileRef = 7A837D4B2036982D00FEB7E9 /* Random.plist */; };
		7A837D4F2036982D00FEB7E9 /* Sports.plist in Resources */ = {isa = PBXBuildFile; fileRef = 7A837D4C2036982D00FEB7E9 /* Sports.plist */; };
		7A8966ED203619BE00A80BA3 /* AppDelegate.swift in Sources */ = {isa = PBXBuildFile; fileRef = 7A8966EC203619BE00A80BA3 /* AppDelegate.swift */; };
		7A8966F4203619BE00A80BA3 /* Assets.xcassets in Resources */ = {isa = PBXBuildFile; fileRef = 7A8966F3203619BE00A80BA3 /* Assets.xcassets */; };
		7A8966F7203619BE00A80BA3 /* LaunchScreen.storyboard in Resources */ = {isa = PBXBuildFile; fileRef = 7A8966F5203619BE00A80BA3 /* LaunchScreen.storyboard */; };
		7A89671020361D7500A80BA3 /* HighScores.swift in Sources */ = {isa = PBXBuildFile; fileRef = 7A89670B20361D7500A80BA3 /* HighScores.swift */; };
		7A89671120361D7500A80BA3 /* high_scores.txt in Resources */ = {isa = PBXBuildFile; fileRef = 7A89670C20361D7500A80BA3 /* high_scores.txt */; };
		7A89671220361D7500A80BA3 /* HighScoresViewCell.swift in Sources */ = {isa = PBXBuildFile; fileRef = 7A89670D20361D7500A80BA3 /* HighScoresViewCell.swift */; };
		7A89671320361D7500A80BA3 /* MainMenuViewController.swift in Sources */ = {isa = PBXBuildFile; fileRef = 7A89670E20361D7500A80BA3 /* MainMenuViewController.swift */; };
		7A89671420361D7500A80BA3 /* QuizzViewController.swift in Sources */ = {isa = PBXBuildFile; fileRef = 7A89670F20361D7500A80BA3 /* QuizzViewController.swift */; };
		7A89671D20361F8C00A80BA3 /* Main.storyboard in Resources */ = {isa = PBXBuildFile; fileRef = 7A89671B20361F8C00A80BA3 /* Main.storyboard */; };
		7A89671F2036268F00A80BA3 /* DataInterface.swift in Sources */ = {isa = PBXBuildFile; fileRef = 7A89671E2036268F00A80BA3 /* DataInterface.swift */; };
/* End PBXBuildFile section */

/* Begin PBXFileReference section */
		7A837D482036982400FEB7E9 /* Category.plist */ = {isa = PBXFileReference; fileEncoding = 4; lastKnownFileType = text.plist.xml; path = Category.plist; sourceTree = "<group>"; };
		7A837D4A2036982D00FEB7E9 /* Food.plist */ = {isa = PBXFileReference; fileEncoding = 4; lastKnownFileType = text.plist.xml; path = Food.plist; sourceTree = "<group>"; };
		7A837D4B2036982D00FEB7E9 /* Random.plist */ = {isa = PBXFileReference; fileEncoding = 4; lastKnownFileType = text.plist.xml; path = Random.plist; sourceTree = "<group>"; };
		7A837D4C2036982D00FEB7E9 /* Sports.plist */ = {isa = PBXFileReference; fileEncoding = 4; lastKnownFileType = text.plist.xml; path = Sports.plist; sourceTree = "<group>"; };
		7A8966E9203619BE00A80BA3 /* Project1.app */ = {isa = PBXFileReference; explicitFileType = wrapper.application; includeInIndex = 0; path = Project1.app; sourceTree = BUILT_PRODUCTS_DIR; };
		7A8966EC203619BE00A80BA3 /* AppDelegate.swift */ = {isa = PBXFileReference; lastKnownFileType = sourcecode.swift; path = AppDelegate.swift; sourceTree = "<group>"; };
		7A8966F3203619BE00A80BA3 /* Assets.xcassets */ = {isa = PBXFileReference; lastKnownFileType = folder.assetcatalog; path = Assets.xcassets; sourceTree = "<group>"; };
		7A8966F6203619BE00A80BA3 /* Base */ = {isa = PBXFileReference; lastKnownFileType = file.storyboard; name = Base; path = Base.lproj/LaunchScreen.storyboard; sourceTree = "<group>"; };
		7A8966F8203619BE00A80BA3 /* Info.plist */ = {isa = PBXFileReference; lastKnownFileType = text.plist.xml; path = Info.plist; sourceTree = "<group>"; };
		7A89670B20361D7500A80BA3 /* HighScores.swift */ = {isa = PBXFileReference; fileEncoding = 4; lastKnownFileType = sourcecode.swift; path = HighScores.swift; sourceTree = "<group>"; };
		7A89670C20361D7500A80BA3 /* high_scores.txt */ = {isa = PBXFileReference; fileEncoding = 4; lastKnownFileType = text; path = high_scores.txt; sourceTree = "<group>"; };
		7A89670D20361D7500A80BA3 /* HighScoresViewCell.swift */ = {isa = PBXFileReference; fileEncoding = 4; lastKnownFileType = sourcecode.swift; path = HighScoresViewCell.swift; sourceTree = "<group>"; };
		7A89670E20361D7500A80BA3 /* MainMenuViewController.swift */ = {isa = PBXFileReference; fileEncoding = 4; lastKnownFileType = sourcecode.swift; path = MainMenuViewController.swift; sourceTree = "<group>"; };
		7A89670F20361D7500A80BA3 /* QuizzViewController.swift */ = {isa = PBXFileReference; fileEncoding = 4; lastKnownFileType = sourcecode.swift; path = QuizzViewController.swift; sourceTree = "<group>"; };
		7A89671C20361F8C00A80BA3 /* Base */ = {isa = PBXFileReference; lastKnownFileType = file.storyboard; name = Base; path = Base.lproj/Main.storyboard; sourceTree = "<group>"; };
		7A89671E2036268F00A80BA3 /* DataInterface.swift */ = {isa = PBXFileReference; lastKnownFileType = sourcecode.swift; path = DataInterface.swift; sourceTree = "<group>"; };
/* End PBXFileReference section */

/* Begin PBXFrameworksBuildPhase section */
		7A8966E6203619BE00A80BA3 /* Frameworks */ = {
			isa = PBXFrameworksBuildPhase;
			buildActionMask = 2147483647;
			files = (
			);
			runOnlyForDeploymentPostprocessing = 0;
		};
/* End PBXFrameworksBuildPhase section */

/* Begin PBXGroup section */
		7A8966E0203619BE00A80BA3 = {
			isa = PBXGroup;
			children = (
				7A8966EB203619BE00A80BA3 /* Project1 */,
				7A8966EA203619BE00A80BA3 /* Products */,
			);
			sourceTree = "<group>";
		};
		7A8966EA203619BE00A80BA3 /* Products */ = {
			isa = PBXGroup;
			children = (
				7A8966E9203619BE00A80BA3 /* Project1.app */,
			);
			name = Products;
			sourceTree = "<group>";
		};
		7A8966EB203619BE00A80BA3 /* Project1 */ = {
			isa = PBXGroup;
			children = (
				7A8966EC203619BE00A80BA3 /* AppDelegate.swift */,
				7A8966F3203619BE00A80BA3 /* Assets.xcassets */,
				7A89671820361DD500A80BA3 /* Controllers */,
				7A89671A20361DF600A80BA3 /* Data */,
				7A89671920361DE400A80BA3 /* StoryBoard */,
				7A8966F8203619BE00A80BA3 /* Info.plist */,
			);
			path = Project1;
			sourceTree = "<group>";
		};
		7A89671820361DD500A80BA3 /* Controllers */ = {
			isa = PBXGroup;
			children = (
				7A89670B20361D7500A80BA3 /* HighScores.swift */,
				7A89670D20361D7500A80BA3 /* HighScoresViewCell.swift */,
				7A89670E20361D7500A80BA3 /* MainMenuViewController.swift */,
				7A89670F20361D7500A80BA3 /* QuizzViewController.swift */,
			);
			path = Controllers;
			sourceTree = "<group>";
		};
		7A89671920361DE400A80BA3 /* StoryBoard */ = {
			isa = PBXGroup;
			children = (
				7A89671B20361F8C00A80BA3 /* Main.storyboard */,
				7A8966F5203619BE00A80BA3 /* LaunchScreen.storyboard */,
			);
			path = StoryBoard;
			sourceTree = "<group>";
		};
		7A89671A20361DF600A80BA3 /* Data */ = {
			isa = PBXGroup;
			children = (
				7A837D4A2036982D00FEB7E9 /* Food.plist */,
				7A837D4B2036982D00FEB7E9 /* Random.plist */,
				7A837D4C2036982D00FEB7E9 /* Sports.plist */,
				7A837D482036982400FEB7E9 /* Category.plist */,
				7A89670C20361D7500A80BA3 /* high_scores.txt */,
				7A89671E2036268F00A80BA3 /* DataInterface.swift */,
			);
			path = Data;
			sourceTree = "<group>";
		};
/* End PBXGroup section */

/* Begin PBXNativeTarget section */
		7A8966E8203619BE00A80BA3 /* Project1 */ = {
			isa = PBXNativeTarget;
			buildConfigurationList = 7A8966FB203619BE00A80BA3 /* Build configuration list for PBXNativeTarget "Project1" */;
			buildPhases = (
				7A8966E5203619BE00A80BA3 /* Sources */,
				7A8966E6203619BE00A80BA3 /* Frameworks */,
				7A8966E7203619BE00A80BA3 /* Resources */,
			);
			buildRules = (
			);
			dependencies = (
			);
			name = Project1;
			productName = Project1;
			productReference = 7A8966E9203619BE00A80BA3 /* Project1.app */;
			productType = "com.apple.product-type.application";
		};
/* End PBXNativeTarget section */

/* Begin PBXProject section */
		7A8966E1203619BE00A80BA3 /* Project object */ = {
			isa = PBXProject;
			attributes = {
				LastSwiftUpdateCheck = 0920;
				LastUpgradeCheck = 0920;
				ORGANIZATIONNAME = "Egger, Sean";
				TargetAttributes = {
					7A8966E8203619BE00A80BA3 = {
						CreatedOnToolsVersion = 9.2;
						ProvisioningStyle = Automatic;
					};
				};
			};
			buildConfigurationList = 7A8966E4203619BE00A80BA3 /* Build configuration list for PBXProject "Project1" */;
			compatibilityVersion = "Xcode 8.0";
			developmentRegion = en;
			hasScannedForEncodings = 0;
			knownRegions = (
				en,
				Base,
			);
			mainGroup = 7A8966E0203619BE00A80BA3;
			productRefGroup = 7A8966EA203619BE00A80BA3 /* Products */;
			projectDirPath = "";
			projectRoot = "";
			targets = (
				7A8966E8203619BE00A80BA3 /* Project1 */,
			);
		};
/* End PBXProject section */

/* Begin PBXResourcesBuildPhase section */
		7A8966E7203619BE00A80BA3 /* Resources */ = {
			isa = PBXResourcesBuildPhase;
			buildActionMask = 2147483647;
			files = (
				7A837D4D2036982D00FEB7E9 /* Food.plist in Resources */,
				7A8966F7203619BE00A80BA3 /* LaunchScreen.storyboard in Resources */,
				7A8966F4203619BE00A80BA3 /* Assets.xcassets in Resources */,
				7A89671120361D7500A80BA3 /* high_scores.txt in Resources */,
				7A837D492036982400FEB7E9 /* Category.plist in Resources */,
				7A837D4F2036982D00FEB7E9 /* Sports.plist in Resources */,
				7A89671D20361F8C00A80BA3 /* Main.storyboard in Resources */,
				7A837D4E2036982D00FEB7E9 /* Random.plist in Resources */,
			);
			runOnlyForDeploymentPostprocessing = 0;
		};
/* End PBXResourcesBuildPhase section */

/* Begin PBXSourcesBuildPhase section */
		7A8966E5203619BE00A80BA3 /* Sources */ = {
			isa = PBXSourcesBuildPhase;
			buildActionMask = 2147483647;
			files = (
				7A89671320361D7500A80BA3 /* MainMenuViewController.swift in Sources */,
				7A89671F2036268F00A80BA3 /* DataInterface.swift in Sources */,
				7A89671220361D7500A80BA3 /* HighScoresViewCell.swift in Sources */,
				7A89671020361D7500A80BA3 /* HighScores.swift in Sources */,
				7A8966ED203619BE00A80BA3 /* AppDelegate.swift in Sources */,
				7A89671420361D7500A80BA3 /* QuizzViewController.swift in Sources */,
			);
			runOnlyForDeploymentPostprocessing = 0;
		};
/* End PBXSourcesBuildPhase section */

/* Begin PBXVariantGroup section */
		7A8966F5203619BE00A80BA3 /* LaunchScreen.storyboard */ = {
			isa = PBXVariantGroup;
			children = (
				7A8966F6203619BE00A80BA3 /* Base */,
			);
			name = LaunchScreen.storyboard;
			sourceTree = "<group>";
		};
		7A89671B20361F8C00A80BA3 /* Main.storyboard */ = {
			isa = PBXVariantGroup;
			children = (
				7A89671C20361F8C00A80BA3 /* Base */,
			);
			name = Main.storyboard;
			sourceTree = "<group>";
		};
/* End PBXVariantGroup section */

/* Begin XCBuildConfiguration section */
		7A8966F9203619BE00A80BA3 /* Debug */ = {
			isa = XCBuildConfiguration;
			buildSettings = {
				ALWAYS_SEARCH_USER_PATHS = NO;
				CLANG_ANALYZER_NONNULL = YES;
				CLANG_ANALYZER_NUMBER_OBJECT_CONVERSION = YES_AGGRESSIVE;
				CLANG_CXX_LANGUAGE_STANDARD = "gnu++14";
				CLANG_CXX_LIBRARY = "libc++";
				CLANG_ENABLE_MODULES = YES;
				CLANG_ENABLE_OBJC_ARC = YES;
				CLANG_WARN_BLOCK_CAPTURE_AUTORELEASING = YES;
				CLANG_WARN_BOOL_CONVERSION = YES;
				CLANG_WARN_COMMA = YES;
				CLANG_WARN_CONSTANT_CONVERSION = YES;
				CLANG_WARN_DIRECT_OBJC_ISA_USAGE = YES_ERROR;
				CLANG_WARN_DOCUMENTATION_COMMENTS = YES;
				CLANG_WARN_EMPTY_BODY = YES;
				CLANG_WARN_ENUM_CONVERSION = YES;
				CLANG_WARN_INFINITE_RECURSION = YES;
				CLANG_WARN_INT_CONVERSION = YES;
				CLANG_WARN_NON_LITERAL_NULL_CONVERSION = YES;
				CLANG_WARN_OBJC_LITERAL_CONVERSION = YES;
				CLANG_WARN_OBJC_ROOT_CLASS = YES_ERROR;
				CLANG_WARN_RANGE_LOOP_ANALYSIS = YES;
				CLANG_WARN_STRICT_PROTOTYPES = YES;
				CLANG_WARN_SUSPICIOUS_MOVE = YES;
				CLANG_WARN_UNGUARDED_AVAILABILITY = YES_AGGRESSIVE;
				CLANG_WARN_UNREACHABLE_CODE = YES;
				CLANG_WARN__DUPLICATE_METHOD_MATCH = YES;
				CODE_SIGN_IDENTITY = "iPhone Developer";
				COPY_PHASE_STRIP = NO;
				DEBUG_INFORMATION_FORMAT = dwarf;
				ENABLE_STRICT_OBJC_MSGSEND = YES;
				ENABLE_TESTABILITY = YES;
				GCC_C_LANGUAGE_STANDARD = gnu11;
				GCC_DYNAMIC_NO_PIC = NO;
				GCC_NO_COMMON_BLOCKS = YES;
				GCC_OPTIMIZATION_LEVEL = 0;
				GCC_PREPROCESSOR_DEFINITIONS = (
					"DEBUG=1",
					"$(inherited)",
				);
				GCC_WARN_64_TO_32_BIT_CONVERSION = YES;
				GCC_WARN_ABOUT_RETURN_TYPE = YES_ERROR;
				GCC_WARN_UNDECLARED_SELECTOR = YES;
				GCC_WARN_UNINITIALIZED_AUTOS = YES_AGGRESSIVE;
				GCC_WARN_UNUSED_FUNCTION = YES;
				GCC_WARN_UNUSED_VARIABLE = YES;
				IPHONEOS_DEPLOYMENT_TARGET = 11.2;
				MTL_ENABLE_DEBUG_INFO = YES;
				ONLY_ACTIVE_ARCH = YES;
				SDKROOT = iphoneos;
				SWIFT_ACTIVE_COMPILATION_CONDITIONS = DEBUG;
				SWIFT_OPTIMIZATION_LEVEL = "-Onone";
			};
			name = Debug;
		};
		7A8966FA203619BE00A80BA3 /* Release */ = {
			isa = XCBuildConfiguration;
			buildSettings = {
				ALWAYS_SEARCH_USER_PATHS = NO;
				CLANG_ANALYZER_NONNULL = YES;
				CLANG_ANALYZER_NUMBER_OBJECT_CONVERSION = YES_AGGRESSIVE;
				CLANG_CXX_LANGUAGE_STANDARD = "gnu++14";
				CLANG_CXX_LIBRARY = "libc++";
				CLANG_ENABLE_MODULES = YES;
				CLANG_ENABLE_OBJC_ARC = YES;
				CLANG_WARN_BLOCK_CAPTURE_AUTORELEASING = YES;
				CLANG_WARN_BOOL_CONVERSION = YES;
				CLANG_WARN_COMMA = YES;
				CLANG_WARN_CONSTANT_CONVERSION = YES;
				CLANG_WARN_DIRECT_OBJC_ISA_USAGE = YES_ERROR;
				CLANG_WARN_DOCUMENTATION_COMMENTS = YES;
				CLANG_WARN_EMPTY_BODY = YES;
				CLANG_WARN_ENUM_CONVERSION = YES;
				CLANG_WARN_INFINITE_RECURSION = YES;
				CLANG_WARN_INT_CONVERSION = YES;
				CLANG_WARN_NON_LITERAL_NULL_CONVERSION = YES;
				CLANG_WARN_OBJC_LITERAL_CONVERSION = YES;
				CLANG_WARN_OBJC_ROOT_CLASS = YES_ERROR;
				CLANG_WARN_RANGE_LOOP_ANALYSIS = YES;
				CLANG_WARN_STRICT_PROTOTYPES = YES;
				CLANG_WARN_SUSPICIOUS_MOVE = YES;
				CLANG_WARN_UNGUARDED_AVAILABILITY = YES_AGGRESSIVE;
				CLANG_WARN_UNREACHABLE_CODE = YES;
				CLANG_WARN__DUPLICATE_METHOD_MATCH = YES;
				CODE_SIGN_IDENTITY = "iPhone Developer";
				COPY_PHASE_STRIP = NO;
				DEBUG_INFORMATION_FORMAT = "dwarf-with-dsym";
				ENABLE_NS_ASSERTIONS = NO;
				ENABLE_STRICT_OBJC_MSGSEND = YES;
				GCC_C_LANGUAGE_STANDARD = gnu11;
				GCC_NO_COMMON_BLOCKS = YES;
				GCC_WARN_64_TO_32_BIT_CONVERSION = YES;
				GCC_WARN_ABOUT_RETURN_TYPE = YES_ERROR;
				GCC_WARN_UNDECLARED_SELECTOR = YES;
				GCC_WARN_UNINITIALIZED_AUTOS = YES_AGGRESSIVE;
				GCC_WARN_UNUSED_FUNCTION = YES;
				GCC_WARN_UNUSED_VARIABLE = YES;
				IPHONEOS_DEPLOYMENT_TARGET = 11.2;
				MTL_ENABLE_DEBUG_INFO = NO;
				SDKROOT = iphoneos;
				SWIFT_OPTIMIZATION_LEVEL = "-Owholemodule";
				VALIDATE_PRODUCT = YES;
			};
			name = Release;
		};
		7A8966FC203619BE00A80BA3 /* Debug */ = {
			isa = XCBuildConfiguration;
			buildSettings = {
				ASSETCATALOG_COMPILER_APPICON_NAME = AppIcon;
				CODE_SIGN_STYLE = Automatic;
				INFOPLIST_FILE = Project1/Info.plist;
				LD_RUNPATH_SEARCH_PATHS = "$(inherited) @executable_path/Frameworks";
				PRODUCT_BUNDLE_IDENTIFIER = inveggerate.Project1;
				PRODUCT_NAME = "$(TARGET_NAME)";
				SWIFT_VERSION = 4.0;
				TARGETED_DEVICE_FAMILY = "1,2";
			};
			name = Debug;
		};
		7A8966FD203619BE00A80BA3 /* Release */ = {
			isa = XCBuildConfiguration;
			buildSettings = {
				ASSETCATALOG_COMPILER_APPICON_NAME = AppIcon;
				CODE_SIGN_STYLE = Automatic;
				INFOPLIST_FILE = Project1/Info.plist;
				LD_RUNPATH_SEARCH_PATHS = "$(inherited) @executable_path/Frameworks";
				PRODUCT_BUNDLE_IDENTIFIER = inveggerate.Project1;
				PRODUCT_NAME = "$(TARGET_NAME)";
				SWIFT_VERSION = 4.0;
				TARGETED_DEVICE_FAMILY = "1,2";
			};
			name = Release;
		};
/* End XCBuildConfiguration section */

/* Begin XCConfigurationList section */
		7A8966E4203619BE00A80BA3 /* Build configuration list for PBXProject "Project1" */ = {
			isa = XCConfigurationList;
			buildConfigurations = (
				7A8966F9203619BE00A80BA3 /* Debug */,
				7A8966FA203619BE00A80BA3 /* Release */,
			);
			defaultConfigurationIsVisible = 0;
			defaultConfigurationName = Release;
		};
		7A8966FB203619BE00A80BA3 /* Build configuration list for PBXNativeTarget "Project1" */ = {
			isa = XCConfigurationList;
			buildConfigurations = (
				7A8966FC203619BE00A80BA3 /* Debug */,
				7A8966FD203619BE00A80BA3 /* Release */,
			);
			defaultConfigurationIsVisible = 0;
			defaultConfigurationName = Release;
		};
/* End XCConfigurationList section */
	};
	rootObject = 7A8966E1203619BE00A80BA3 /* Project object */;
}
